
Microsoft Visual Studio Solution File, Format Version 12.00
# Visual Studio Version 17
VisualStudioVersion = 17.1.32319.34
MinimumVisualStudioVersion = 10.0.40219.1
Project("{9A19103F-16F7-4668-BE54-9A1E7A4F7556}") = "HospitalProjectIT", "HospitalProjectIT\HospitalProjectIT.csproj", "{694193D5-8D06-4340-BB4F-DAEBC9A47A25}"
EndProject
Project("{9A19103F-16F7-4668-BE54-9A1E7A4F7556}") = "domain", "domain\domain.csproj", "{73F2BCC2-D8B2-4B41-B905-0EA7ED19A031}"
EndProject
Project("{9A19103F-16F7-4668-BE54-9A1E7A4F7556}") = "UnitTests", "UnitTests\UnitTests.csproj", "{02EE39EC-02EC-46BC-A6AC-6114163C6621}"
EndProject
Global
	GlobalSection(SolutionConfigurationPlatforms) = preSolution
		Debug|Any CPU = Debug|Any CPU
		Release|Any CPU = Release|Any CPU
	EndGlobalSection
	GlobalSection(ProjectConfigurationPlatforms) = postSolution
		{694193D5-8D06-4340-BB4F-DAEBC9A47A25}.Debug|Any CPU.ActiveCfg = Debug|Any CPU
		{694193D5-8D06-4340-BB4F-DAEBC9A47A25}.Debug|Any CPU.Build.0 = Debug|Any CPU
		{694193D5-8D06-4340-BB4F-DAEBC9A47A25}.Release|Any CPU.ActiveCfg = Release|Any CPU
		{694193D5-8D06-4340-BB4F-DAEBC9A47A25}.Release|Any CPU.Build.0 = Release|Any CPU
		{73F2BCC2-D8B2-4B41-B905-0EA7ED19A031}.Debug|Any CPU.ActiveCfg = Debug|Any CPU
		{73F2BCC2-D8B2-4B41-B905-0EA7ED19A031}.Debug|Any CPU.Build.0 = Debug|Any CPU
		{73F2BCC2-D8B2-4B41-B905-0EA7ED19A031}.Release|Any CPU.ActiveCfg = Release|Any CPU
		{73F2BCC2-D8B2-4B41-B905-0EA7ED19A031}.Release|Any CPU.Build.0 = Release|Any CPU
		{02EE39EC-02EC-46BC-A6AC-6114163C6621}.Debug|Any CPU.ActiveCfg = Debug|Any CPU
		{02EE39EC-02EC-46BC-A6AC-6114163C6621}.Debug|Any CPU.Build.0 = Debug|Any CPU
		{02EE39EC-02EC-46BC-A6AC-6114163C6621}.Release|Any CPU.ActiveCfg = Release|Any CPU
		{02EE39EC-02EC-46BC-A6AC-6114163C6621}.Release|Any CPU.Build.0 = Release|Any CPU
	EndGlobalSection
	GlobalSection(SolutionProperties) = preSolution
		HideSolutionNode = FALSE
	EndGlobalSection
	GlobalSection(ExtensibilityGlobals) = postSolution
		SolutionGuid = {5FC36DBD-0F2E-4315-8F2F-A49CC1F05B4A}
	EndGlobalSection
EndGlobal
